
Microsoft Visual Studio Solution File, Format Version 12.00
# Visual Studio Version 16
VisualStudioVersion = 16.0.31313.79
MinimumVisualStudioVersion = 10.0.40219.1
Project("{FAE04EC0-301F-11D3-BF4B-00C04F79EFBC}") = "PrismEventNavRepro", "PrismEventNavRepro\PrismEventNavRepro\PrismEventNavRepro.csproj", "{778C72A0-FD74-407F-B3BB-69864791DC8A}"
EndProject
Project("{FAE04EC0-301F-11D3-BF4B-00C04F79EFBC}") = "PrismEventNavRepro.Android", "PrismEventNavRepro\PrismEventNavRepro.Android\PrismEventNavRepro.Android.csproj", "{CF1437C9-3AA1-4B90-80F6-F4306F478176}"
EndProject
Global
	GlobalSection(SolutionConfigurationPlatforms) = preSolution
		Debug|Any CPU = Debug|Any CPU
		Release|Any CPU = Release|Any CPU
	EndGlobalSection
	GlobalSection(ProjectConfigurationPlatforms) = postSolution
		{778C72A0-FD74-407F-B3BB-69864791DC8A}.Debug|Any CPU.ActiveCfg = Debug|Any CPU
		{778C72A0-FD74-407F-B3BB-69864791DC8A}.Debug|Any CPU.Build.0 = Debug|Any CPU
		{778C72A0-FD74-407F-B3BB-69864791DC8A}.Release|Any CPU.ActiveCfg = Release|Any CPU
		{778C72A0-FD74-407F-B3BB-69864791DC8A}.Release|Any CPU.Build.0 = Release|Any CPU
		{CF1437C9-3AA1-4B90-80F6-F4306F478176}.Debug|Any CPU.ActiveCfg = Debug|Any CPU
		{CF1437C9-3AA1-4B90-80F6-F4306F478176}.Debug|Any CPU.Build.0 = Debug|Any CPU
		{CF1437C9-3AA1-4B90-80F6-F4306F478176}.Debug|Any CPU.Deploy.0 = Debug|Any CPU
		{CF1437C9-3AA1-4B90-80F6-F4306F478176}.Release|Any CPU.ActiveCfg = Release|Any CPU
		{CF1437C9-3AA1-4B90-80F6-F4306F478176}.Release|Any CPU.Build.0 = Release|Any CPU
		{CF1437C9-3AA1-4B90-80F6-F4306F478176}.Release|Any CPU.Deploy.0 = Release|Any CPU
	EndGlobalSection
	GlobalSection(SolutionProperties) = preSolution
		HideSolutionNode = FALSE
	EndGlobalSection
	GlobalSection(ExtensibilityGlobals) = postSolution
		SolutionGuid = {B2B37D07-6B74-4178-A066-F02A2118E1C2}
	EndGlobalSection
EndGlobal
